
Microsoft Visual Studio Solution File, Format Version 12.00
# Visual Studio Version 17
VisualStudioVersion = 17.5.33502.453
MinimumVisualStudioVersion = 10.0.40219.1
Project("{9A19103F-16F7-4668-BE54-9A1E7A4F7556}") = "WinFormsP", "WinFormsP\WinFormsP.csproj", "{7C5057EA-0856-48B9-BD31-A0E400DA49C2}"
EndProject
Global
	GlobalSection(SolutionConfigurationPlatforms) = preSolution
		Debug|Any CPU = Debug|Any CPU
		Release|Any CPU = Release|Any CPU
	EndGlobalSection
	GlobalSection(ProjectConfigurationPlatforms) = postSolution
		{7C5057EA-0856-48B9-BD31-A0E400DA49C2}.Debug|Any CPU.ActiveCfg = Debug|Any CPU
		{7C5057EA-0856-48B9-BD31-A0E400DA49C2}.Debug|Any CPU.Build.0 = Debug|Any CPU
		{7C5057EA-0856-48B9-BD31-A0E400DA49C2}.Release|Any CPU.ActiveCfg = Release|Any CPU
		{7C5057EA-0856-48B9-BD31-A0E400DA49C2}.Release|Any CPU.Build.0 = Release|Any CPU
	EndGlobalSection
	GlobalSection(SolutionProperties) = preSolution
		HideSolutionNode = FALSE
	EndGlobalSection
	GlobalSection(ExtensibilityGlobals) = postSolution
		SolutionGuid = {BDF08265-8A46-41BC-84F8-6372A8CCA208}
	EndGlobalSection
EndGlobal
